// !$*UTF8*$!
{
	archiveVersion = 1;
	classes = {
	};
	objectVersion = 56;
	objects = {

/* Begin PBXBuildFile section */
		068AB3913A5E161A04784C4F /* Pods_POST_sdk.framework in Frameworks */ = {isa = PBXBuildFile; fileRef = 921889410C975C07F47CD324 /* Pods_POST_sdk.framework */; };
		185C9B4229E50635001C92EA /* ProfileVC.xib in Resources */ = {isa = PBXBuildFile; fileRef = 185C9B4129E50635001C92EA /* ProfileVC.xib */; };
		185C9B4429E50641001C92EA /* ProfileVC.swift in Sources */ = {isa = PBXBuildFile; fileRef = 185C9B4329E50641001C92EA /* ProfileVC.swift */; };
		185C9B4A29E50787001C92EA /* ProfileTblCell.swift in Sources */ = {isa = PBXBuildFile; fileRef = 185C9B4829E50787001C92EA /* ProfileTblCell.swift */; };
		185C9B4B29E50787001C92EA /* ProfileTblCell.xib in Resources */ = {isa = PBXBuildFile; fileRef = 185C9B4929E50787001C92EA /* ProfileTblCell.xib */; };
		185C9B4E29E50B06001C92EA /* ProfileModel.swift in Sources */ = {isa = PBXBuildFile; fileRef = 185C9B4D29E50B06001C92EA /* ProfileModel.swift */; };
		1868917629F0FAFF00C71CF2 /* WebViewVC.xib in Resources */ = {isa = PBXBuildFile; fileRef = 1868917529F0FAFF00C71CF2 /* WebViewVC.xib */; };
		1868917829F0FB1300C71CF2 /* WebViewVC.swift in Sources */ = {isa = PBXBuildFile; fileRef = 1868917729F0FB1300C71CF2 /* WebViewVC.swift */; };
		186BB83929ED4C14003B299B /* ProfileTblTextCell.swift in Sources */ = {isa = PBXBuildFile; fileRef = 186BB83729ED4C14003B299B /* ProfileTblTextCell.swift */; };
		186BB83A29ED4C14003B299B /* ProfileTblTextCell.xib in Resources */ = {isa = PBXBuildFile; fileRef = 186BB83829ED4C14003B299B /* ProfileTblTextCell.xib */; };
		186BB83D29ED4C70003B299B /* ProfileTblDateCell.swift in Sources */ = {isa = PBXBuildFile; fileRef = 186BB83B29ED4C70003B299B /* ProfileTblDateCell.swift */; };
		186BB83E29ED4C70003B299B /* ProfileTblDateCell.xib in Resources */ = {isa = PBXBuildFile; fileRef = 186BB83C29ED4C70003B299B /* ProfileTblDateCell.xib */; };
		186BB84129ED4CA5003B299B /* ProfileTblTextareaCell.swift in Sources */ = {isa = PBXBuildFile; fileRef = 186BB83F29ED4CA5003B299B /* ProfileTblTextareaCell.swift */; };
		186BB84229ED4CA5003B299B /* ProfileTblTextareaCell.xib in Resources */ = {isa = PBXBuildFile; fileRef = 186BB84029ED4CA5003B299B /* ProfileTblTextareaCell.xib */; };
		186BB84629ED4CD6003B299B /* ProfileTblSelectCell.swift in Sources */ = {isa = PBXBuildFile; fileRef = 186BB84429ED4CD6003B299B /* ProfileTblSelectCell.swift */; };
		186BB84729ED4CD6003B299B /* ProfileTblSelectCell.xib in Resources */ = {isa = PBXBuildFile; fileRef = 186BB84529ED4CD6003B299B /* ProfileTblSelectCell.xib */; };
		186BB84A29ED4D05003B299B /* ProfileTblNumberCell.swift in Sources */ = {isa = PBXBuildFile; fileRef = 186BB84829ED4D05003B299B /* ProfileTblNumberCell.swift */; };
		186BB84B29ED4D05003B299B /* ProfileTblNumberCell.xib in Resources */ = {isa = PBXBuildFile; fileRef = 186BB84929ED4D05003B299B /* ProfileTblNumberCell.xib */; };
		187BD15529E2DDBC006D5A9A /* LoginVC.xib in Resources */ = {isa = PBXBuildFile; fileRef = 187BD15429E2DDBC006D5A9A /* LoginVC.xib */; };
		187BD16529E2DFFD006D5A9A /* SF-Pro-Display-Black.ttf in Resources */ = {isa = PBXBuildFile; fileRef = 187BD16429E2DFFD006D5A9A /* SF-Pro-Display-Black.ttf */; };
		187BD16729E2E00A006D5A9A /* SF-Pro-Display-BlackItalic.ttf in Resources */ = {isa = PBXBuildFile; fileRef = 187BD16629E2E00A006D5A9A /* SF-Pro-Display-BlackItalic.ttf */; };
		187BD16929E2E011006D5A9A /* SF-Pro-Display-Bold.ttf in Resources */ = {isa = PBXBuildFile; fileRef = 187BD16829E2E011006D5A9A /* SF-Pro-Display-Bold.ttf */; };
		187BD16B29E2E01C006D5A9A /* SF-Pro-Display-BoldItalic.ttf in Resources */ = {isa = PBXBuildFile; fileRef = 187BD16A29E2E01C006D5A9A /* SF-Pro-Display-BoldItalic.ttf */; };
		187BD16D29E2E025006D5A9A /* SF-Pro-Display-Heavy.ttf in Resources */ = {isa = PBXBuildFile; fileRef = 187BD16C29E2E025006D5A9A /* SF-Pro-Display-Heavy.ttf */; };
		187BD16F29E2E02F006D5A9A /* SF-Pro-Display-HeavyItalic.ttf in Resources */ = {isa = PBXBuildFile; fileRef = 187BD16E29E2E02F006D5A9A /* SF-Pro-Display-HeavyItalic.ttf */; };
		187BD17129E2E03D006D5A9A /* SF-Pro-Display-Light.ttf in Resources */ = {isa = PBXBuildFile; fileRef = 187BD17029E2E03D006D5A9A /* SF-Pro-Display-Light.ttf */; };
		187BD17329E2E048006D5A9A /* SF-Pro-Display-LightItalic.ttf in Resources */ = {isa = PBXBuildFile; fileRef = 187BD17229E2E048006D5A9A /* SF-Pro-Display-LightItalic.ttf */; };
		187BD17529E2E052006D5A9A /* SF-Pro-Display-Medium.ttf in Resources */ = {isa = PBXBuildFile; fileRef = 187BD17429E2E052006D5A9A /* SF-Pro-Display-Medium.ttf */; };
		187BD17729E2E062006D5A9A /* SF-Pro-Display-MediumItalic.ttf in Resources */ = {isa = PBXBuildFile; fileRef = 187BD17629E2E062006D5A9A /* SF-Pro-Display-MediumItalic.ttf */; };
		187BD17929E2E088006D5A9A /* SF-Pro-Display-Regular.ttf in Resources */ = {isa = PBXBuildFile; fileRef = 187BD17829E2E088006D5A9A /* SF-Pro-Display-Regular.ttf */; };
		187BD17B29E2E093006D5A9A /* SF-Pro-Display-RegularItalic.ttf in Resources */ = {isa = PBXBuildFile; fileRef = 187BD17A29E2E093006D5A9A /* SF-Pro-Display-RegularItalic.ttf */; };
		187BD17D29E2E09C006D5A9A /* SF-Pro-Display-Semibold.ttf in Resources */ = {isa = PBXBuildFile; fileRef = 187BD17C29E2E09C006D5A9A /* SF-Pro-Display-Semibold.ttf */; };
		187BD17F29E2E0A4006D5A9A /* SF-Pro-Display-SemiboldItalic.ttf in Resources */ = {isa = PBXBuildFile; fileRef = 187BD17E29E2E0A4006D5A9A /* SF-Pro-Display-SemiboldItalic.ttf */; };
		187BD18129E2E0AD006D5A9A /* SF-Pro-Display-Thin.ttf in Resources */ = {isa = PBXBuildFile; fileRef = 187BD18029E2E0AD006D5A9A /* SF-Pro-Display-Thin.ttf */; };
		187BD18329E2E0B7006D5A9A /* SF-Pro-Display-ThinItalic.ttf in Resources */ = {isa = PBXBuildFile; fileRef = 187BD18229E2E0B7006D5A9A /* SF-Pro-Display-ThinItalic.ttf */; };
		187BD18529E2E0BD006D5A9A /* SF-Pro-Display-Ultralight.ttf in Resources */ = {isa = PBXBuildFile; fileRef = 187BD18429E2E0BD006D5A9A /* SF-Pro-Display-Ultralight.ttf */; };
		187BD18729E2E0C5006D5A9A /* SF-Pro-Display-UltralightItalic.ttf in Resources */ = {isa = PBXBuildFile; fileRef = 187BD18629E2E0C5006D5A9A /* SF-Pro-Display-UltralightItalic.ttf */; };
		187BD18929E2E460006D5A9A /* assets.xcassets in Resources */ = {isa = PBXBuildFile; fileRef = 187BD18829E2E460006D5A9A /* assets.xcassets */; };
		187BD18B29E2E62A006D5A9A /* LoginVC.swift in Sources */ = {isa = PBXBuildFile; fileRef = 187BD18A29E2E62A006D5A9A /* LoginVC.swift */; };
		187BD18E29E2E6FD006D5A9A /* UIView.swift in Sources */ = {isa = PBXBuildFile; fileRef = 187BD18D29E2E6FD006D5A9A /* UIView.swift */; };
		187BD19029E2E892006D5A9A /* UIColor.swift in Sources */ = {isa = PBXBuildFile; fileRef = 187BD18F29E2E892006D5A9A /* UIColor.swift */; };
		187BD19329E2EB91006D5A9A /* OtpVC.xib in Resources */ = {isa = PBXBuildFile; fileRef = 187BD19229E2EB91006D5A9A /* OtpVC.xib */; };
		187BD19529E2EB9D006D5A9A /* OtpVC.swift in Sources */ = {isa = PBXBuildFile; fileRef = 187BD19429E2EB9D006D5A9A /* OtpVC.swift */; };
		18D955B429E828FD00ED5684 /* OnboardingVC.swift in Sources */ = {isa = PBXBuildFile; fileRef = 18D955B329E828FD00ED5684 /* OnboardingVC.swift */; };
		18E250DB29EA8254006637CE /* Custom.swift in Sources */ = {isa = PBXBuildFile; fileRef = 18E250DA29EA8254006637CE /* Custom.swift */; };
		18E250DD29EA8627006637CE /* APIConstants.swift in Sources */ = {isa = PBXBuildFile; fileRef = 18E250DC29EA8627006637CE /* APIConstants.swift */; };
		18E250DF29EA8839006637CE /* APIEndpoint.swift in Sources */ = {isa = PBXBuildFile; fileRef = 18E250DE29EA8839006637CE /* APIEndpoint.swift */; };
		18E250E129EA8AD5006637CE /* APIHandler.swift in Sources */ = {isa = PBXBuildFile; fileRef = 18E250E029EA8AD5006637CE /* APIHandler.swift */; };
		18E250E329EA8E40006637CE /* APIManager.swift in Sources */ = {isa = PBXBuildFile; fileRef = 18E250E229EA8E40006637CE /* APIManager.swift */; };
		18E250E529EA8FB2006637CE /* DBManager.swift in Sources */ = {isa = PBXBuildFile; fileRef = 18E250E429EA8FB2006637CE /* DBManager.swift */; };
		18E250E729EA903F006637CE /* HTTPClient.swift in Sources */ = {isa = PBXBuildFile; fileRef = 18E250E629EA903F006637CE /* HTTPClient.swift */; };
		18EC981F29F23CB6003DB363 /* ProfileTblAddressCell.swift in Sources */ = {isa = PBXBuildFile; fileRef = 18EC981D29F23CB6003DB363 /* ProfileTblAddressCell.swift */; };
		18EC982029F23CB6003DB363 /* ProfileTblAddressCell.xib in Resources */ = {isa = PBXBuildFile; fileRef = 18EC981E29F23CB6003DB363 /* ProfileTblAddressCell.xib */; };
		18FD081529DFEAB900FC16E0 /* AppDelegate.swift in Sources */ = {isa = PBXBuildFile; fileRef = 18FD081429DFEAB900FC16E0 /* AppDelegate.swift */; };
		18FD081729DFEAB900FC16E0 /* SceneDelegate.swift in Sources */ = {isa = PBXBuildFile; fileRef = 18FD081629DFEAB900FC16E0 /* SceneDelegate.swift */; };
		18FD081929DFEAB900FC16E0 /* ViewController.swift in Sources */ = {isa = PBXBuildFile; fileRef = 18FD081829DFEAB900FC16E0 /* ViewController.swift */; };
		18FD081C29DFEAB900FC16E0 /* Main.storyboard in Resources */ = {isa = PBXBuildFile; fileRef = 18FD081A29DFEAB900FC16E0 /* Main.storyboard */; };
		18FD081F29DFEAB900FC16E0 /* POST_sdk.xcdatamodeld in Sources */ = {isa = PBXBuildFile; fileRef = 18FD081D29DFEAB900FC16E0 /* POST_sdk.xcdatamodeld */; };
		18FD082129DFEAB900FC16E0 /* Assets.xcassets in Resources */ = {isa = PBXBuildFile; fileRef = 18FD082029DFEAB900FC16E0 /* Assets.xcassets */; };
		18FD082429DFEAB900FC16E0 /* LaunchScreen.storyboard in Resources */ = {isa = PBXBuildFile; fileRef = 18FD082229DFEAB900FC16E0 /* LaunchScreen.storyboard */; };
		18FD082F29DFEAB900FC16E0 /* POST_sdkTests.swift in Sources */ = {isa = PBXBuildFile; fileRef = 18FD082E29DFEAB900FC16E0 /* POST_sdkTests.swift */; };
		18FD083929DFEAB900FC16E0 /* POST_sdkUITests.swift in Sources */ = {isa = PBXBuildFile; fileRef = 18FD083829DFEAB900FC16E0 /* POST_sdkUITests.swift */; };
		18FD083B29DFEAB900FC16E0 /* POST_sdkUITestsLaunchTests.swift in Sources */ = {isa = PBXBuildFile; fileRef = 18FD083A29DFEAB900FC16E0 /* POST_sdkUITestsLaunchTests.swift */; };
		83BE41490F5F0E10C7D973E0 /* Pods_POST_sdkTests.framework in Frameworks */ = {isa = PBXBuildFile; fileRef = C84568695939F867368E555C /* Pods_POST_sdkTests.framework */; };
		EC3E6955A446DC09F81E493B /* Pods_POST_sdk_POST_sdkUITests.framework in Frameworks */ = {isa = PBXBuildFile; fileRef = 0A6A1C6A00F69D47C46AB6CD /* Pods_POST_sdk_POST_sdkUITests.framework */; };
/* End PBXBuildFile section */

/* Begin PBXContainerItemProxy section */
		18FD082B29DFEAB900FC16E0 /* PBXContainerItemProxy */ = {
			isa = PBXContainerItemProxy;
			containerPortal = 18FD080929DFEAB900FC16E0 /* Project object */;
			proxyType = 1;
			remoteGlobalIDString = 18FD081029DFEAB900FC16E0;
			remoteInfo = POST_sdk;
		};
		18FD083529DFEAB900FC16E0 /* PBXContainerItemProxy */ = {
			isa = PBXContainerItemProxy;
			containerPortal = 18FD080929DFEAB900FC16E0 /* Project object */;
			proxyType = 1;
			remoteGlobalIDString = 18FD081029DFEAB900FC16E0;
			remoteInfo = POST_sdk;
		};
/* End PBXContainerItemProxy section */

/* Begin PBXFileReference section */
		06580EC2898BA7CC5940A7BB /* Pods-POST_sdk-POST_sdkUITests.release.xcconfig */ = {isa = PBXFileReference; includeInIndex = 1; lastKnownFileType = text.xcconfig; name = "Pods-POST_sdk-POST_sdkUITests.release.xcconfig"; path = "Target Support Files/Pods-POST_sdk-POST_sdkUITests/Pods-POST_sdk-POST_sdkUITests.release.xcconfig"; sourceTree = "<group>"; };
		0A6A1C6A00F69D47C46AB6CD /* Pods_POST_sdk_POST_sdkUITests.framework */ = {isa = PBXFileReference; explicitFileType = wrapper.framework; includeInIndex = 0; path = Pods_POST_sdk_POST_sdkUITests.framework; sourceTree = BUILT_PRODUCTS_DIR; };
		185C9B4129E50635001C92EA /* ProfileVC.xib */ = {isa = PBXFileReference; lastKnownFileType = file.xib; path = ProfileVC.xib; sourceTree = "<group>"; };
		185C9B4329E50641001C92EA /* ProfileVC.swift */ = {isa = PBXFileReference; lastKnownFileType = sourcecode.swift; path = ProfileVC.swift; sourceTree = "<group>"; };
		185C9B4829E50787001C92EA /* ProfileTblCell.swift */ = {isa = PBXFileReference; lastKnownFileType = sourcecode.swift; path = ProfileTblCell.swift; sourceTree = "<group>"; };
		185C9B4929E50787001C92EA /* ProfileTblCell.xib */ = {isa = PBXFileReference; lastKnownFileType = file.xib; path = ProfileTblCell.xib; sourceTree = "<group>"; };
		185C9B4D29E50B06001C92EA /* ProfileModel.swift */ = {isa = PBXFileReference; lastKnownFileType = sourcecode.swift; path = ProfileModel.swift; sourceTree = "<group>"; };
		1868917529F0FAFF00C71CF2 /* WebViewVC.xib */ = {isa = PBXFileReference; lastKnownFileType = file.xib; path = WebViewVC.xib; sourceTree = "<group>"; };
		1868917729F0FB1300C71CF2 /* WebViewVC.swift */ = {isa = PBXFileReference; lastKnownFileType = sourcecode.swift; path = WebViewVC.swift; sourceTree = "<group>"; };
		186BB83729ED4C14003B299B /* ProfileTblTextCell.swift */ = {isa = PBXFileReference; lastKnownFileType = sourcecode.swift; path = ProfileTblTextCell.swift; sourceTree = "<group>"; };
		186BB83829ED4C14003B299B /* ProfileTblTextCell.xib */ = {isa = PBXFileReference; lastKnownFileType = file.xib; path = ProfileTblTextCell.xib; sourceTree = "<group>"; };
		186BB83B29ED4C70003B299B /* ProfileTblDateCell.swift */ = {isa = PBXFileReference; lastKnownFileType = sourcecode.swift; path = ProfileTblDateCell.swift; sourceTree = "<group>"; };
		186BB83C29ED4C70003B299B /* ProfileTblDateCell.xib */ = {isa = PBXFileReference; lastKnownFileType = file.xib; path = ProfileTblDateCell.xib; sourceTree = "<group>"; };
		186BB83F29ED4CA5003B299B /* ProfileTblTextareaCell.swift */ = {isa = PBXFileReference; lastKnownFileType = sourcecode.swift; path = ProfileTblTextareaCell.swift; sourceTree = "<group>"; };
		186BB84029ED4CA5003B299B /* ProfileTblTextareaCell.xib */ = {isa = PBXFileReference; lastKnownFileType = file.xib; path = ProfileTblTextareaCell.xib; sourceTree = "<group>"; };
		186BB84429ED4CD6003B299B /* ProfileTblSelectCell.swift */ = {isa = PBXFileReference; lastKnownFileType = sourcecode.swift; path = ProfileTblSelectCell.swift; sourceTree = "<group>"; };
		186BB84529ED4CD6003B299B /* ProfileTblSelectCell.xib */ = {isa = PBXFileReference; lastKnownFileType = file.xib; path = ProfileTblSelectCell.xib; sourceTree = "<group>"; };
		186BB84829ED4D05003B299B /* ProfileTblNumberCell.swift */ = {isa = PBXFileReference; lastKnownFileType = sourcecode.swift; path = ProfileTblNumberCell.swift; sourceTree = "<group>"; };
		186BB84929ED4D05003B299B /* ProfileTblNumberCell.xib */ = {isa = PBXFileReference; lastKnownFileType = file.xib; path = ProfileTblNumberCell.xib; sourceTree = "<group>"; };
		187BD15429E2DDBC006D5A9A /* LoginVC.xib */ = {isa = PBXFileReference; lastKnownFileType = file.xib; path = LoginVC.xib; sourceTree = "<group>"; };
		187BD16429E2DFFD006D5A9A /* SF-Pro-Display-Black.ttf */ = {isa = PBXFileReference; lastKnownFileType = file; path = "SF-Pro-Display-Black.ttf"; sourceTree = "<group>"; };
		187BD16629E2E00A006D5A9A /* SF-Pro-Display-BlackItalic.ttf */ = {isa = PBXFileReference; lastKnownFileType = file; path = "SF-Pro-Display-BlackItalic.ttf"; sourceTree = "<group>"; };
		187BD16829E2E011006D5A9A /* SF-Pro-Display-Bold.ttf */ = {isa = PBXFileReference; lastKnownFileType = file; path = "SF-Pro-Display-Bold.ttf"; sourceTree = "<group>"; };
		187BD16A29E2E01C006D5A9A /* SF-Pro-Display-BoldItalic.ttf */ = {isa = PBXFileReference; lastKnownFileType = file; path = "SF-Pro-Display-BoldItalic.ttf"; sourceTree = "<group>"; };
		187BD16C29E2E025006D5A9A /* SF-Pro-Display-Heavy.ttf */ = {isa = PBXFileReference; lastKnownFileType = file; path = "SF-Pro-Display-Heavy.ttf"; sourceTree = "<group>"; };
		187BD16E29E2E02F006D5A9A /* SF-Pro-Display-HeavyItalic.ttf */ = {isa = PBXFileReference; lastKnownFileType = file; path = "SF-Pro-Display-HeavyItalic.ttf"; sourceTree = "<group>"; };
		187BD17029E2E03D006D5A9A /* SF-Pro-Display-Light.ttf */ = {isa = PBXFileReference; lastKnownFileType = file; path = "SF-Pro-Display-Light.ttf"; sourceTree = "<group>"; };
		187BD17229E2E048006D5A9A /* SF-Pro-Display-LightItalic.ttf */ = {isa = PBXFileReference; lastKnownFileType = file; path = "SF-Pro-Display-LightItalic.ttf"; sourceTree = "<group>"; };
		187BD17429E2E052006D5A9A /* SF-Pro-Display-Medium.ttf */ = {isa = PBXFileReference; lastKnownFileType = file; path = "SF-Pro-Display-Medium.ttf"; sourceTree = "<group>"; };
		187BD17629E2E062006D5A9A /* SF-Pro-Display-MediumItalic.ttf */ = {isa = PBXFileReference; lastKnownFileType = file; path = "SF-Pro-Display-MediumItalic.ttf"; sourceTree = "<group>"; };
		187BD17829E2E088006D5A9A /* SF-Pro-Display-Regular.ttf */ = {isa = PBXFileReference; lastKnownFileType = file; path = "SF-Pro-Display-Regular.ttf"; sourceTree = "<group>"; };
		187BD17A29E2E093006D5A9A /* SF-Pro-Display-RegularItalic.ttf */ = {isa = PBXFileReference; lastKnownFileType = file; path = "SF-Pro-Display-RegularItalic.ttf"; sourceTree = "<group>"; };
		187BD17C29E2E09C006D5A9A /* SF-Pro-Display-Semibold.ttf */ = {isa = PBXFileReference; lastKnownFileType = file; path = "SF-Pro-Display-Semibold.ttf"; sourceTree = "<group>"; };
		187BD17E29E2E0A4006D5A9A /* SF-Pro-Display-SemiboldItalic.ttf */ = {isa = PBXFileReference; lastKnownFileType = file; path = "SF-Pro-Display-SemiboldItalic.ttf"; sourceTree = "<group>"; };
		187BD18029E2E0AD006D5A9A /* SF-Pro-Display-Thin.ttf */ = {isa = PBXFileReference; lastKnownFileType = file; path = "SF-Pro-Display-Thin.ttf"; sourceTree = "<group>"; };
		187BD18229E2E0B7006D5A9A /* SF-Pro-Display-ThinItalic.ttf */ = {isa = PBXFileReference; lastKnownFileType = file; path = "SF-Pro-Display-ThinItalic.ttf"; sourceTree = "<group>"; };
		187BD18429E2E0BD006D5A9A /* SF-Pro-Display-Ultralight.ttf */ = {isa = PBXFileReference; lastKnownFileType = file; path = "SF-Pro-Display-Ultralight.ttf"; sourceTree = "<group>"; };
		187BD18629E2E0C5006D5A9A /* SF-Pro-Display-UltralightItalic.ttf */ = {isa = PBXFileReference; lastKnownFileType = file; path = "SF-Pro-Display-UltralightItalic.ttf"; sourceTree = "<group>"; };
		187BD18829E2E460006D5A9A /* assets.xcassets */ = {isa = PBXFileReference; lastKnownFileType = folder.assetcatalog; path = assets.xcassets; sourceTree = "<group>"; };
		187BD18A29E2E62A006D5A9A /* LoginVC.swift */ = {isa = PBXFileReference; lastKnownFileType = sourcecode.swift; path = LoginVC.swift; sourceTree = "<group>"; };
		187BD18D29E2E6FD006D5A9A /* UIView.swift */ = {isa = PBXFileReference; lastKnownFileType = sourcecode.swift; path = UIView.swift; sourceTree = "<group>"; };
		187BD18F29E2E892006D5A9A /* UIColor.swift */ = {isa = PBXFileReference; lastKnownFileType = sourcecode.swift; path = UIColor.swift; sourceTree = "<group>"; };
		187BD19229E2EB91006D5A9A /* OtpVC.xib */ = {isa = PBXFileReference; lastKnownFileType = file.xib; path = OtpVC.xib; sourceTree = "<group>"; };
		187BD19429E2EB9D006D5A9A /* OtpVC.swift */ = {isa = PBXFileReference; lastKnownFileType = sourcecode.swift; path = OtpVC.swift; sourceTree = "<group>"; };
		18D955B329E828FD00ED5684 /* OnboardingVC.swift */ = {isa = PBXFileReference; lastKnownFileType = sourcecode.swift; path = OnboardingVC.swift; sourceTree = "<group>"; };
		18E250DA29EA8254006637CE /* Custom.swift */ = {isa = PBXFileReference; lastKnownFileType = sourcecode.swift; path = Custom.swift; sourceTree = "<group>"; };
		18E250DC29EA8627006637CE /* APIConstants.swift */ = {isa = PBXFileReference; lastKnownFileType = sourcecode.swift; path = APIConstants.swift; sourceTree = "<group>"; };
		18E250DE29EA8839006637CE /* APIEndpoint.swift */ = {isa = PBXFileReference; lastKnownFileType = sourcecode.swift; path = APIEndpoint.swift; sourceTree = "<group>"; };
		18E250E029EA8AD5006637CE /* APIHandler.swift */ = {isa = PBXFileReference; lastKnownFileType = sourcecode.swift; path = APIHandler.swift; sourceTree = "<group>"; };
		18E250E229EA8E40006637CE /* APIManager.swift */ = {isa = PBXFileReference; lastKnownFileType = sourcecode.swift; path = APIManager.swift; sourceTree = "<group>"; };
		18E250E429EA8FB2006637CE /* DBManager.swift */ = {isa = PBXFileReference; lastKnownFileType = sourcecode.swift; path = DBManager.swift; sourceTree = "<group>"; };
		18E250E629EA903F006637CE /* HTTPClient.swift */ = {isa = PBXFileReference; lastKnownFileType = sourcecode.swift; path = HTTPClient.swift; sourceTree = "<group>"; };
		18EC981D29F23CB6003DB363 /* ProfileTblAddressCell.swift */ = {isa = PBXFileReference; lastKnownFileType = sourcecode.swift; path = ProfileTblAddressCell.swift; sourceTree = "<group>"; };
		18EC981E29F23CB6003DB363 /* ProfileTblAddressCell.xib */ = {isa = PBXFileReference; lastKnownFileType = file.xib; path = ProfileTblAddressCell.xib; sourceTree = "<group>"; };
		18FD081129DFEAB900FC16E0 /* POST_sdk.app */ = {isa = PBXFileReference; explicitFileType = wrapper.application; includeInIndex = 0; path = POST_sdk.app; sourceTree = BUILT_PRODUCTS_DIR; };
		18FD081429DFEAB900FC16E0 /* AppDelegate.swift */ = {isa = PBXFileReference; lastKnownFileType = sourcecode.swift; path = AppDelegate.swift; sourceTree = "<group>"; };
		18FD081629DFEAB900FC16E0 /* SceneDelegate.swift */ = {isa = PBXFileReference; lastKnownFileType = sourcecode.swift; path = SceneDelegate.swift; sourceTree = "<group>"; };
		18FD081829DFEAB900FC16E0 /* ViewController.swift */ = {isa = PBXFileReference; lastKnownFileType = sourcecode.swift; path = ViewController.swift; sourceTree = "<group>"; };
		18FD081B29DFEAB900FC16E0 /* Base */ = {isa = PBXFileReference; lastKnownFileType = file.storyboard; name = Base; path = Base.lproj/Main.storyboard; sourceTree = "<group>"; };
		18FD081E29DFEAB900FC16E0 /* POST_sdk.xcdatamodel */ = {isa = PBXFileReference; lastKnownFileType = wrapper.xcdatamodel; path = POST_sdk.xcdatamodel; sourceTree = "<group>"; };
		18FD082029DFEAB900FC16E0 /* Assets.xcassets */ = {isa = PBXFileReference; lastKnownFileType = folder.assetcatalog; path = Assets.xcassets; sourceTree = "<group>"; };
		18FD082329DFEAB900FC16E0 /* Base */ = {isa = PBXFileReference; lastKnownFileType = file.storyboard; name = Base; path = Base.lproj/LaunchScreen.storyboard; sourceTree = "<group>"; };
		18FD082529DFEAB900FC16E0 /* Info.plist */ = {isa = PBXFileReference; lastKnownFileType = text.plist.xml; path = Info.plist; sourceTree = "<group>"; };
		18FD082A29DFEAB900FC16E0 /* POST_sdkTests.xctest */ = {isa = PBXFileReference; explicitFileType = wrapper.cfbundle; includeInIndex = 0; path = POST_sdkTests.xctest; sourceTree = BUILT_PRODUCTS_DIR; };
		18FD082E29DFEAB900FC16E0 /* POST_sdkTests.swift */ = {isa = PBXFileReference; lastKnownFileType = sourcecode.swift; path = POST_sdkTests.swift; sourceTree = "<group>"; };
		18FD083429DFEAB900FC16E0 /* POST_sdkUITests.xctest */ = {isa = PBXFileReference; explicitFileType = wrapper.cfbundle; includeInIndex = 0; path = POST_sdkUITests.xctest; sourceTree = BUILT_PRODUCTS_DIR; };
		18FD083829DFEAB900FC16E0 /* POST_sdkUITests.swift */ = {isa = PBXFileReference; lastKnownFileType = sourcecode.swift; path = POST_sdkUITests.swift; sourceTree = "<group>"; };
		18FD083A29DFEAB900FC16E0 /* POST_sdkUITestsLaunchTests.swift */ = {isa = PBXFileReference; lastKnownFileType = sourcecode.swift; path = POST_sdkUITestsLaunchTests.swift; sourceTree = "<group>"; };
		5D1AE5504F31D5DA80D8E099 /* Pods-POST_sdk-POST_sdkUITests.debug.xcconfig */ = {isa = PBXFileReference; includeInIndex = 1; lastKnownFileType = text.xcconfig; name = "Pods-POST_sdk-POST_sdkUITests.debug.xcconfig"; path = "Target Support Files/Pods-POST_sdk-POST_sdkUITests/Pods-POST_sdk-POST_sdkUITests.debug.xcconfig"; sourceTree = "<group>"; };
		921889410C975C07F47CD324 /* Pods_POST_sdk.framework */ = {isa = PBXFileReference; explicitFileType = wrapper.framework; includeInIndex = 0; path = Pods_POST_sdk.framework; sourceTree = BUILT_PRODUCTS_DIR; };
		AE93B14029F076670E4D88CD /* Pods-POST_sdk.release.xcconfig */ = {isa = PBXFileReference; includeInIndex = 1; lastKnownFileType = text.xcconfig; name = "Pods-POST_sdk.release.xcconfig"; path = "Target Support Files/Pods-POST_sdk/Pods-POST_sdk.release.xcconfig"; sourceTree = "<group>"; };
		C6E518E9A25C2C6748712893 /* Pods-POST_sdkTests.debug.xcconfig */ = {isa = PBXFileReference; includeInIndex = 1; lastKnownFileType = text.xcconfig; name = "Pods-POST_sdkTests.debug.xcconfig"; path = "Target Support Files/Pods-POST_sdkTests/Pods-POST_sdkTests.debug.xcconfig"; sourceTree = "<group>"; };
		C84568695939F867368E555C /* Pods_POST_sdkTests.framework */ = {isa = PBXFileReference; explicitFileType = wrapper.framework; includeInIndex = 0; path = Pods_POST_sdkTests.framework; sourceTree = BUILT_PRODUCTS_DIR; };
		CB8344D6E9CB9B2F28CF79BA /* Pods-POST_sdkTests.release.xcconfig */ = {isa = PBXFileReference; includeInIndex = 1; lastKnownFileType = text.xcconfig; name = "Pods-POST_sdkTests.release.xcconfig"; path = "Target Support Files/Pods-POST_sdkTests/Pods-POST_sdkTests.release.xcconfig"; sourceTree = "<group>"; };
		E31875A660AEBB59227ADE9D /* Pods-POST_sdk.debug.xcconfig */ = {isa = PBXFileReference; includeInIndex = 1; lastKnownFileType = text.xcconfig; name = "Pods-POST_sdk.debug.xcconfig"; path = "Target Support Files/Pods-POST_sdk/Pods-POST_sdk.debug.xcconfig"; sourceTree = "<group>"; };
/* End PBXFileReference section */

/* Begin PBXFrameworksBuildPhase section */
		18FD080E29DFEAB900FC16E0 /* Frameworks */ = {
			isa = PBXFrameworksBuildPhase;
			buildActionMask = 2147483647;
			files = (
				068AB3913A5E161A04784C4F /* Pods_POST_sdk.framework in Frameworks */,
			);
			runOnlyForDeploymentPostprocessing = 0;
		};
		18FD082729DFEAB900FC16E0 /* Frameworks */ = {
			isa = PBXFrameworksBuildPhase;
			buildActionMask = 2147483647;
			files = (
				83BE41490F5F0E10C7D973E0 /* Pods_POST_sdkTests.framework in Frameworks */,
			);
			runOnlyForDeploymentPostprocessing = 0;
		};
		18FD083129DFEAB900FC16E0 /* Frameworks */ = {
			isa = PBXFrameworksBuildPhase;
			buildActionMask = 2147483647;
			files = (
				EC3E6955A446DC09F81E493B /* Pods_POST_sdk_POST_sdkUITests.framework in Frameworks */,
			);
			runOnlyForDeploymentPostprocessing = 0;
		};
/* End PBXFrameworksBuildPhase section */

/* Begin PBXGroup section */
		187BD15129E2DD3F006D5A9A /* POST */ = {
			isa = PBXGroup;
			children = (
				187BD15629E2DEA5006D5A9A /* resource */,
				187BD18F29E2E892006D5A9A /* UIColor.swift */,
				18E250DA29EA8254006637CE /* Custom.swift */,
				187BD18D29E2E6FD006D5A9A /* UIView.swift */,
				18E250DC29EA8627006637CE /* APIConstants.swift */,
				18E250DE29EA8839006637CE /* APIEndpoint.swift */,
				18E250E029EA8AD5006637CE /* APIHandler.swift */,
				18E250E229EA8E40006637CE /* APIManager.swift */,
				18E250E429EA8FB2006637CE /* DBManager.swift */,
				185C9B4D29E50B06001C92EA /* ProfileModel.swift */,
				18E250E629EA903F006637CE /* HTTPClient.swift */,
				185C9B4829E50787001C92EA /* ProfileTblCell.swift */,
				185C9B4929E50787001C92EA /* ProfileTblCell.xib */,
				185C9B4129E50635001C92EA /* ProfileVC.xib */,
				185C9B4329E50641001C92EA /* ProfileVC.swift */,
				187BD19229E2EB91006D5A9A /* OtpVC.xib */,
				187BD19429E2EB9D006D5A9A /* OtpVC.swift */,
				187BD15429E2DDBC006D5A9A /* LoginVC.xib */,
				187BD18A29E2E62A006D5A9A /* LoginVC.swift */,
				18D955B329E828FD00ED5684 /* OnboardingVC.swift */,
				186BB83729ED4C14003B299B /* ProfileTblTextCell.swift */,
				186BB83829ED4C14003B299B /* ProfileTblTextCell.xib */,
				186BB83B29ED4C70003B299B /* ProfileTblDateCell.swift */,
				186BB83C29ED4C70003B299B /* ProfileTblDateCell.xib */,
				186BB83F29ED4CA5003B299B /* ProfileTblTextareaCell.swift */,
				186BB84029ED4CA5003B299B /* ProfileTblTextareaCell.xib */,
				186BB84429ED4CD6003B299B /* ProfileTblSelectCell.swift */,
				186BB84529ED4CD6003B299B /* ProfileTblSelectCell.xib */,
				186BB84829ED4D05003B299B /* ProfileTblNumberCell.swift */,
				186BB84929ED4D05003B299B /* ProfileTblNumberCell.xib */,
				1868917529F0FAFF00C71CF2 /* WebViewVC.xib */,
				1868917729F0FB1300C71CF2 /* WebViewVC.swift */,
				18EC981D29F23CB6003DB363 /* ProfileTblAddressCell.swift */,
				18EC981E29F23CB6003DB363 /* ProfileTblAddressCell.xib */,
			);
			path = POST;
			sourceTree = "<group>";
		};
		187BD15629E2DEA5006D5A9A /* resource */ = {
			isa = PBXGroup;
			children = (
				187BD15729E2DEB9006D5A9A /* font */,
				187BD18829E2E460006D5A9A /* assets.xcassets */,
			);
			path = resource;
			sourceTree = "<group>";
		};
		187BD15729E2DEB9006D5A9A /* font */ = {
			isa = PBXGroup;
			children = (
				187BD17029E2E03D006D5A9A /* SF-Pro-Display-Light.ttf */,
				187BD16E29E2E02F006D5A9A /* SF-Pro-Display-HeavyItalic.ttf */,
				187BD17229E2E048006D5A9A /* SF-Pro-Display-LightItalic.ttf */,
				187BD17629E2E062006D5A9A /* SF-Pro-Display-MediumItalic.ttf */,
				187BD16C29E2E025006D5A9A /* SF-Pro-Display-Heavy.ttf */,
				187BD17E29E2E0A4006D5A9A /* SF-Pro-Display-SemiboldItalic.ttf */,
				187BD18029E2E0AD006D5A9A /* SF-Pro-Display-Thin.ttf */,
				187BD16629E2E00A006D5A9A /* SF-Pro-Display-BlackItalic.ttf */,
				187BD18229E2E0B7006D5A9A /* SF-Pro-Display-ThinItalic.ttf */,
				187BD16829E2E011006D5A9A /* SF-Pro-Display-Bold.ttf */,
				187BD17829E2E088006D5A9A /* SF-Pro-Display-Regular.ttf */,
				187BD18429E2E0BD006D5A9A /* SF-Pro-Display-Ultralight.ttf */,
				187BD16A29E2E01C006D5A9A /* SF-Pro-Display-BoldItalic.ttf */,
				187BD18629E2E0C5006D5A9A /* SF-Pro-Display-UltralightItalic.ttf */,
				187BD17C29E2E09C006D5A9A /* SF-Pro-Display-Semibold.ttf */,
				187BD17A29E2E093006D5A9A /* SF-Pro-Display-RegularItalic.ttf */,
				187BD16429E2DFFD006D5A9A /* SF-Pro-Display-Black.ttf */,
				187BD17429E2E052006D5A9A /* SF-Pro-Display-Medium.ttf */,
			);
			path = font;
			sourceTree = "<group>";
		};
		18FD080829DFEAB900FC16E0 = {
			isa = PBXGroup;
			children = (
				18FD081329DFEAB900FC16E0 /* POST_sdk */,
				18FD082D29DFEAB900FC16E0 /* POST_sdkTests */,
				18FD083729DFEAB900FC16E0 /* POST_sdkUITests */,
				18FD081229DFEAB900FC16E0 /* Products */,
				D405E38CC11DA0A408D92C69 /* Pods */,
				9EA4F4F36182A3F9ED680A3E /* Frameworks */,
			);
			sourceTree = "<group>";
		};
		18FD081229DFEAB900FC16E0 /* Products */ = {
			isa = PBXGroup;
			children = (
				18FD081129DFEAB900FC16E0 /* POST_sdk.app */,
				18FD082A29DFEAB900FC16E0 /* POST_sdkTests.xctest */,
				18FD083429DFEAB900FC16E0 /* POST_sdkUITests.xctest */,
			);
			name = Products;
			sourceTree = "<group>";
		};
		18FD081329DFEAB900FC16E0 /* POST_sdk */ = {
			isa = PBXGroup;
			children = (
				187BD15129E2DD3F006D5A9A /* POST */,
				18FD081429DFEAB900FC16E0 /* AppDelegate.swift */,
				18FD081629DFEAB900FC16E0 /* SceneDelegate.swift */,
				18FD081829DFEAB900FC16E0 /* ViewController.swift */,
				18FD081A29DFEAB900FC16E0 /* Main.storyboard */,
				18FD082029DFEAB900FC16E0 /* Assets.xcassets */,
				18FD082229DFEAB900FC16E0 /* LaunchScreen.storyboard */,
				18FD082529DFEAB900FC16E0 /* Info.plist */,
				18FD081D29DFEAB900FC16E0 /* POST_sdk.xcdatamodeld */,
			);
			path = POST_sdk;
			sourceTree = "<group>";
		};
		18FD082D29DFEAB900FC16E0 /* POST_sdkTests */ = {
			isa = PBXGroup;
			children = (
				18FD082E29DFEAB900FC16E0 /* POST_sdkTests.swift */,
			);
			path = POST_sdkTests;
			sourceTree = "<group>";
		};
		18FD083729DFEAB900FC16E0 /* POST_sdkUITests */ = {
			isa = PBXGroup;
			children = (
				18FD083829DFEAB900FC16E0 /* POST_sdkUITests.swift */,
				18FD083A29DFEAB900FC16E0 /* POST_sdkUITestsLaunchTests.swift */,
			);
			path = POST_sdkUITests;
			sourceTree = "<group>";
		};
		9EA4F4F36182A3F9ED680A3E /* Frameworks */ = {
			isa = PBXGroup;
			children = (
				921889410C975C07F47CD324 /* Pods_POST_sdk.framework */,
				0A6A1C6A00F69D47C46AB6CD /* Pods_POST_sdk_POST_sdkUITests.framework */,
				C84568695939F867368E555C /* Pods_POST_sdkTests.framework */,
			);
			name = Frameworks;
			sourceTree = "<group>";
		};
		D405E38CC11DA0A408D92C69 /* Pods */ = {
			isa = PBXGroup;
			children = (
				E31875A660AEBB59227ADE9D /* Pods-POST_sdk.debug.xcconfig */,
				AE93B14029F076670E4D88CD /* Pods-POST_sdk.release.xcconfig */,
				5D1AE5504F31D5DA80D8E099 /* Pods-POST_sdk-POST_sdkUITests.debug.xcconfig */,
				06580EC2898BA7CC5940A7BB /* Pods-POST_sdk-POST_sdkUITests.release.xcconfig */,
				C6E518E9A25C2C6748712893 /* Pods-POST_sdkTests.debug.xcconfig */,
				CB8344D6E9CB9B2F28CF79BA /* Pods-POST_sdkTests.release.xcconfig */,
			);
			path = Pods;
			sourceTree = "<group>";
		};
/* End PBXGroup section */

/* Begin PBXNativeTarget section */
		18FD081029DFEAB900FC16E0 /* POST_sdk */ = {
			isa = PBXNativeTarget;
			buildConfigurationList = 18FD083E29DFEAB900FC16E0 /* Build configuration list for PBXNativeTarget "POST_sdk" */;
			buildPhases = (
				1BA86B9C298832EA10401F23 /* [CP] Check Pods Manifest.lock */,
				18FD080D29DFEAB900FC16E0 /* Sources */,
				18FD080E29DFEAB900FC16E0 /* Frameworks */,
				18FD080F29DFEAB900FC16E0 /* Resources */,
				7CFFFF0ED48936C9009E0195 /* [CP] Embed Pods Frameworks */,
			);
			buildRules = (
			);
			dependencies = (
			);
			name = POST_sdk;
			productName = POST_sdk;
			productReference = 18FD081129DFEAB900FC16E0 /* POST_sdk.app */;
			productType = "com.apple.product-type.application";
		};
		18FD082929DFEAB900FC16E0 /* POST_sdkTests */ = {
			isa = PBXNativeTarget;
			buildConfigurationList = 18FD084129DFEAB900FC16E0 /* Build configuration list for PBXNativeTarget "POST_sdkTests" */;
			buildPhases = (
				B1D77E19BFEE2577DBFB9810 /* [CP] Check Pods Manifest.lock */,
				18FD082629DFEAB900FC16E0 /* Sources */,
				18FD082729DFEAB900FC16E0 /* Frameworks */,
				18FD082829DFEAB900FC16E0 /* Resources */,
			);
			buildRules = (
			);
			dependencies = (
				18FD082C29DFEAB900FC16E0 /* PBXTargetDependency */,
			);
			name = POST_sdkTests;
			productName = POST_sdkTests;
			productReference = 18FD082A29DFEAB900FC16E0 /* POST_sdkTests.xctest */;
			productType = "com.apple.product-type.bundle.unit-test";
		};
		18FD083329DFEAB900FC16E0 /* POST_sdkUITests */ = {
			isa = PBXNativeTarget;
			buildConfigurationList = 18FD084429DFEAB900FC16E0 /* Build configuration list for PBXNativeTarget "POST_sdkUITests" */;
			buildPhases = (
				1D6F2B9BD4A8E27A1887E910 /* [CP] Check Pods Manifest.lock */,
				18FD083029DFEAB900FC16E0 /* Sources */,
				18FD083129DFEAB900FC16E0 /* Frameworks */,
				18FD083229DFEAB900FC16E0 /* Resources */,
				49D3D4C626808DB431C145D8 /* [CP] Embed Pods Frameworks */,
			);
			buildRules = (
			);
			dependencies = (
				18FD083629DFEAB900FC16E0 /* PBXTargetDependency */,
			);
			name = POST_sdkUITests;
			productName = POST_sdkUITests;
			productReference = 18FD083429DFEAB900FC16E0 /* POST_sdkUITests.xctest */;
			productType = "com.apple.product-type.bundle.ui-testing";
		};
/* End PBXNativeTarget section */

/* Begin PBXProject section */
		18FD080929DFEAB900FC16E0 /* Project object */ = {
			isa = PBXProject;
			attributes = {
				BuildIndependentTargetsInParallel = 1;
				LastSwiftUpdateCheck = 1420;
				LastUpgradeCheck = 1420;
				TargetAttributes = {
					18FD081029DFEAB900FC16E0 = {
						CreatedOnToolsVersion = 14.2;
					};
					18FD082929DFEAB900FC16E0 = {
						CreatedOnToolsVersion = 14.2;
						TestTargetID = 18FD081029DFEAB900FC16E0;
					};
					18FD083329DFEAB900FC16E0 = {
						CreatedOnToolsVersion = 14.2;
						TestTargetID = 18FD081029DFEAB900FC16E0;
					};
				};
			};
			buildConfigurationList = 18FD080C29DFEAB900FC16E0 /* Build configuration list for PBXProject "POST_sdk" */;
			compatibilityVersion = "Xcode 14.0";
			developmentRegion = en;
			hasScannedForEncodings = 0;
			knownRegions = (
				en,
				Base,
			);
			mainGroup = 18FD080829DFEAB900FC16E0;
			productRefGroup = 18FD081229DFEAB900FC16E0 /* Products */;
			projectDirPath = "";
			projectRoot = "";
			targets = (
				18FD081029DFEAB900FC16E0 /* POST_sdk */,
				18FD082929DFEAB900FC16E0 /* POST_sdkTests */,
				18FD083329DFEAB900FC16E0 /* POST_sdkUITests */,
			);
		};
/* End PBXProject section */

/* Begin PBXResourcesBuildPhase section */
		18FD080F29DFEAB900FC16E0 /* Resources */ = {
			isa = PBXResourcesBuildPhase;
			buildActionMask = 2147483647;
			files = (
				18FD082429DFEAB900FC16E0 /* LaunchScreen.storyboard in Resources */,
				187BD18129E2E0AD006D5A9A /* SF-Pro-Display-Thin.ttf in Resources */,
				187BD17729E2E062006D5A9A /* SF-Pro-Display-MediumItalic.ttf in Resources */,
				18FD082129DFEAB900FC16E0 /* Assets.xcassets in Resources */,
				186BB84729ED4CD6003B299B /* ProfileTblSelectCell.xib in Resources */,
				187BD16729E2E00A006D5A9A /* SF-Pro-Display-BlackItalic.ttf in Resources */,
				187BD17329E2E048006D5A9A /* SF-Pro-Display-LightItalic.ttf in Resources */,
				186BB84229ED4CA5003B299B /* ProfileTblTextareaCell.xib in Resources */,
				186BB83A29ED4C14003B299B /* ProfileTblTextCell.xib in Resources */,
				187BD17129E2E03D006D5A9A /* SF-Pro-Display-Light.ttf in Resources */,
				187BD17B29E2E093006D5A9A /* SF-Pro-Display-RegularItalic.ttf in Resources */,
				18EC982029F23CB6003DB363 /* ProfileTblAddressCell.xib in Resources */,
				187BD17D29E2E09C006D5A9A /* SF-Pro-Display-Semibold.ttf in Resources */,
				185C9B4229E50635001C92EA /* ProfileVC.xib in Resources */,
				187BD18929E2E460006D5A9A /* assets.xcassets in Resources */,
				187BD16529E2DFFD006D5A9A /* SF-Pro-Display-Black.ttf in Resources */,
				187BD16F29E2E02F006D5A9A /* SF-Pro-Display-HeavyItalic.ttf in Resources */,
				1868917629F0FAFF00C71CF2 /* WebViewVC.xib in Resources */,
				187BD17929E2E088006D5A9A /* SF-Pro-Display-Regular.ttf in Resources */,
				187BD18729E2E0C5006D5A9A /* SF-Pro-Display-UltralightItalic.ttf in Resources */,
				186BB83E29ED4C70003B299B /* ProfileTblDateCell.xib in Resources */,
				187BD19329E2EB91006D5A9A /* OtpVC.xib in Resources */,
				187BD17F29E2E0A4006D5A9A /* SF-Pro-Display-SemiboldItalic.ttf in Resources */,
				187BD18329E2E0B7006D5A9A /* SF-Pro-Display-ThinItalic.ttf in Resources */,
				187BD15529E2DDBC006D5A9A /* LoginVC.xib in Resources */,
				187BD17529E2E052006D5A9A /* SF-Pro-Display-Medium.ttf in Resources */,
				186BB84B29ED4D05003B299B /* ProfileTblNumberCell.xib in Resources */,
				18FD081C29DFEAB900FC16E0 /* Main.storyboard in Resources */,
				187BD16D29E2E025006D5A9A /* SF-Pro-Display-Heavy.ttf in Resources */,
				187BD18529E2E0BD006D5A9A /* SF-Pro-Display-Ultralight.ttf in Resources */,
				187BD16929E2E011006D5A9A /* SF-Pro-Display-Bold.ttf in Resources */,
				185C9B4B29E50787001C92EA /* ProfileTblCell.xib in Resources */,
				187BD16B29E2E01C006D5A9A /* SF-Pro-Display-BoldItalic.ttf in Resources */,
			);
			runOnlyForDeploymentPostprocessing = 0;
		};
		18FD082829DFEAB900FC16E0 /* Resources */ = {
			isa = PBXResourcesBuildPhase;
			buildActionMask = 2147483647;
			files = (
			);
			runOnlyForDeploymentPostprocessing = 0;
		};
		18FD083229DFEAB900FC16E0 /* Resources */ = {
			isa = PBXResourcesBuildPhase;
			buildActionMask = 2147483647;
			files = (
			);
			runOnlyForDeploymentPostprocessing = 0;
		};
/* End PBXResourcesBuildPhase section */

/* Begin PBXShellScriptBuildPhase section */
		1BA86B9C298832EA10401F23 /* [CP] Check Pods Manifest.lock */ = {
			isa = PBXShellScriptBuildPhase;
			buildActionMask = 2147483647;
			files = (
			);
			inputFileListPaths = (
			);
			inputPaths = (
				"${PODS_PODFILE_DIR_PATH}/Podfile.lock",
				"${PODS_ROOT}/Manifest.lock",
			);
			name = "[CP] Check Pods Manifest.lock";
			outputFileListPaths = (
			);
			outputPaths = (
				"$(DERIVED_FILE_DIR)/Pods-POST_sdk-checkManifestLockResult.txt",
			);
			runOnlyForDeploymentPostprocessing = 0;
			shellPath = /bin/sh;
			shellScript = "diff \"${PODS_PODFILE_DIR_PATH}/Podfile.lock\" \"${PODS_ROOT}/Manifest.lock\" > /dev/null\nif [ $? != 0 ] ; then\n    # print error to STDERR\n    echo \"error: The sandbox is not in sync with the Podfile.lock. Run 'pod install' or update your CocoaPods installation.\" >&2\n    exit 1\nfi\n# This output is used by Xcode 'outputs' to avoid re-running this script phase.\necho \"SUCCESS\" > \"${SCRIPT_OUTPUT_FILE_0}\"\n";
			showEnvVarsInLog = 0;
		};
		1D6F2B9BD4A8E27A1887E910 /* [CP] Check Pods Manifest.lock */ = {
			isa = PBXShellScriptBuildPhase;
			buildActionMask = 2147483647;
			files = (
			);
			inputFileListPaths = (
			);
			inputPaths = (
				"${PODS_PODFILE_DIR_PATH}/Podfile.lock",
				"${PODS_ROOT}/Manifest.lock",
			);
			name = "[CP] Check Pods Manifest.lock";
			outputFileListPaths = (
			);
			outputPaths = (
				"$(DERIVED_FILE_DIR)/Pods-POST_sdk-POST_sdkUITests-checkManifestLockResult.txt",
			);
			runOnlyForDeploymentPostprocessing = 0;
			shellPath = /bin/sh;
			shellScript = "diff \"${PODS_PODFILE_DIR_PATH}/Podfile.lock\" \"${PODS_ROOT}/Manifest.lock\" > /dev/null\nif [ $? != 0 ] ; then\n    # print error to STDERR\n    echo \"error: The sandbox is not in sync with the Podfile.lock. Run 'pod install' or update your CocoaPods installation.\" >&2\n    exit 1\nfi\n# This output is used by Xcode 'outputs' to avoid re-running this script phase.\necho \"SUCCESS\" > \"${SCRIPT_OUTPUT_FILE_0}\"\n";
			showEnvVarsInLog = 0;
		};
		49D3D4C626808DB431C145D8 /* [CP] Embed Pods Frameworks */ = {
			isa = PBXShellScriptBuildPhase;
			buildActionMask = 2147483647;
			files = (
			);
			inputFileListPaths = (
				"${PODS_ROOT}/Target Support Files/Pods-POST_sdk-POST_sdkUITests/Pods-POST_sdk-POST_sdkUITests-frameworks-${CONFIGURATION}-input-files.xcfilelist",
			);
			name = "[CP] Embed Pods Frameworks";
			outputFileListPaths = (
				"${PODS_ROOT}/Target Support Files/Pods-POST_sdk-POST_sdkUITests/Pods-POST_sdk-POST_sdkUITests-frameworks-${CONFIGURATION}-output-files.xcfilelist",
			);
			runOnlyForDeploymentPostprocessing = 0;
			shellPath = /bin/sh;
			shellScript = "\"${PODS_ROOT}/Target Support Files/Pods-POST_sdk-POST_sdkUITests/Pods-POST_sdk-POST_sdkUITests-frameworks.sh\"\n";
			showEnvVarsInLog = 0;
		};
		7CFFFF0ED48936C9009E0195 /* [CP] Embed Pods Frameworks */ = {
			isa = PBXShellScriptBuildPhase;
			buildActionMask = 2147483647;
			files = (
			);
			inputFileListPaths = (
				"${PODS_ROOT}/Target Support Files/Pods-POST_sdk/Pods-POST_sdk-frameworks-${CONFIGURATION}-input-files.xcfilelist",
			);
			name = "[CP] Embed Pods Frameworks";
			outputFileListPaths = (
				"${PODS_ROOT}/Target Support Files/Pods-POST_sdk/Pods-POST_sdk-frameworks-${CONFIGURATION}-output-files.xcfilelist",
			);
			runOnlyForDeploymentPostprocessing = 0;
			shellPath = /bin/sh;
			shellScript = "\"${PODS_ROOT}/Target Support Files/Pods-POST_sdk/Pods-POST_sdk-frameworks.sh\"\n";
			showEnvVarsInLog = 0;
		};
		B1D77E19BFEE2577DBFB9810 /* [CP] Check Pods Manifest.lock */ = {
			isa = PBXShellScriptBuildPhase;
			buildActionMask = 2147483647;
			files = (
			);
			inputFileListPaths = (
			);
			inputPaths = (
				"${PODS_PODFILE_DIR_PATH}/Podfile.lock",
				"${PODS_ROOT}/Manifest.lock",
			);
			name = "[CP] Check Pods Manifest.lock";
			outputFileListPaths = (
			);
			outputPaths = (
				"$(DERIVED_FILE_DIR)/Pods-POST_sdkTests-checkManifestLockResult.txt",
			);
			runOnlyForDeploymentPostprocessing = 0;
			shellPath = /bin/sh;
			shellScript = "diff \"${PODS_PODFILE_DIR_PATH}/Podfile.lock\" \"${PODS_ROOT}/Manifest.lock\" > /dev/null\nif [ $? != 0 ] ; then\n    # print error to STDERR\n    echo \"error: The sandbox is not in sync with the Podfile.lock. Run 'pod install' or update your CocoaPods installation.\" >&2\n    exit 1\nfi\n# This output is used by Xcode 'outputs' to avoid re-running this script phase.\necho \"SUCCESS\" > \"${SCRIPT_OUTPUT_FILE_0}\"\n";
			showEnvVarsInLog = 0;
		};
/* End PBXShellScriptBuildPhase section */

/* Begin PBXSourcesBuildPhase section */
		18FD080D29DFEAB900FC16E0 /* Sources */ = {
			isa = PBXSourcesBuildPhase;
			buildActionMask = 2147483647;
			files = (
				18FD081F29DFEAB900FC16E0 /* POST_sdk.xcdatamodeld in Sources */,
				18D955B429E828FD00ED5684 /* OnboardingVC.swift in Sources */,
				1868917829F0FB1300C71CF2 /* WebViewVC.swift in Sources */,
				186BB84629ED4CD6003B299B /* ProfileTblSelectCell.swift in Sources */,
				187BD19029E2E892006D5A9A /* UIColor.swift in Sources */,
				18E250E129EA8AD5006637CE /* APIHandler.swift in Sources */,
				186BB84129ED4CA5003B299B /* ProfileTblTextareaCell.swift in Sources */,
				18E250DB29EA8254006637CE /* Custom.swift in Sources */,
				18E250DF29EA8839006637CE /* APIEndpoint.swift in Sources */,
				185C9B4A29E50787001C92EA /* ProfileTblCell.swift in Sources */,
				185C9B4E29E50B06001C92EA /* ProfileModel.swift in Sources */,
				187BD19529E2EB9D006D5A9A /* OtpVC.swift in Sources */,
				185C9B4429E50641001C92EA /* ProfileVC.swift in Sources */,
				18EC981F29F23CB6003DB363 /* ProfileTblAddressCell.swift in Sources */,
				18E250DD29EA8627006637CE /* APIConstants.swift in Sources */,
				18FD081929DFEAB900FC16E0 /* ViewController.swift in Sources */,
				18E250E329EA8E40006637CE /* APIManager.swift in Sources */,
				18E250E529EA8FB2006637CE /* DBManager.swift in Sources */,
				186BB83D29ED4C70003B299B /* ProfileTblDateCell.swift in Sources */,
				186BB84A29ED4D05003B299B /* ProfileTblNumberCell.swift in Sources */,
				18FD081529DFEAB900FC16E0 /* AppDelegate.swift in Sources */,
				186BB83929ED4C14003B299B /* ProfileTblTextCell.swift in Sources */,
				18FD081729DFEAB900FC16E0 /* SceneDelegate.swift in Sources */,
				187BD18E29E2E6FD006D5A9A /* UIView.swift in Sources */,
				18E250E729EA903F006637CE /* HTTPClient.swift in Sources */,
				187BD18B29E2E62A006D5A9A /* LoginVC.swift in Sources */,
			);
			runOnlyForDeploymentPostprocessing = 0;
		};
		18FD082629DFEAB900FC16E0 /* Sources */ = {
			isa = PBXSourcesBuildPhase;
			buildActionMask = 2147483647;
			files = (
				18FD082F29DFEAB900FC16E0 /* POST_sdkTests.swift in Sources */,
			);
			runOnlyForDeploymentPostprocessing = 0;
		};
		18FD083029DFEAB900FC16E0 /* Sources */ = {
			isa = PBXSourcesBuildPhase;
			buildActionMask = 2147483647;
			files = (
				18FD083B29DFEAB900FC16E0 /* POST_sdkUITestsLaunchTests.swift in Sources */,
				18FD083929DFEAB900FC16E0 /* POST_sdkUITests.swift in Sources */,
			);
			runOnlyForDeploymentPostprocessing = 0;
		};
/* End PBXSourcesBuildPhase section */

/* Begin PBXTargetDependency section */
		18FD082C29DFEAB900FC16E0 /* PBXTargetDependency */ = {
			isa = PBXTargetDependency;
			target = 18FD081029DFEAB900FC16E0 /* POST_sdk */;
			targetProxy = 18FD082B29DFEAB900FC16E0 /* PBXContainerItemProxy */;
		};
		18FD083629DFEAB900FC16E0 /* PBXTargetDependency */ = {
			isa = PBXTargetDependency;
			target = 18FD081029DFEAB900FC16E0 /* POST_sdk */;
			targetProxy = 18FD083529DFEAB900FC16E0 /* PBXContainerItemProxy */;
		};
/* End PBXTargetDependency section */

/* Begin PBXVariantGroup section */
		18FD081A29DFEAB900FC16E0 /* Main.storyboard */ = {
			isa = PBXVariantGroup;
			children = (
				18FD081B29DFEAB900FC16E0 /* Base */,
			);
			name = Main.storyboard;
			sourceTree = "<group>";
		};
		18FD082229DFEAB900FC16E0 /* LaunchScreen.storyboard */ = {
			isa = PBXVariantGroup;
			children = (
				18FD082329DFEAB900FC16E0 /* Base */,
			);
			name = LaunchScreen.storyboard;
			sourceTree = "<group>";
		};
/* End PBXVariantGroup section */

/* Begin XCBuildConfiguration section */
		18FD083C29DFEAB900FC16E0 /* Debug */ = {
			isa = XCBuildConfiguration;
			buildSettings = {
				ALWAYS_SEARCH_USER_PATHS = NO;
				CLANG_ANALYZER_NONNULL = YES;
				CLANG_ANALYZER_NUMBER_OBJECT_CONVERSION = YES_AGGRESSIVE;
				CLANG_CXX_LANGUAGE_STANDARD = "gnu++20";
				CLANG_ENABLE_MODULES = YES;
				CLANG_ENABLE_OBJC_ARC = YES;
				CLANG_ENABLE_OBJC_WEAK = YES;
				CLANG_WARN_BLOCK_CAPTURE_AUTORELEASING = YES;
				CLANG_WARN_BOOL_CONVERSION = YES;
				CLANG_WARN_COMMA = YES;
				CLANG_WARN_CONSTANT_CONVERSION = YES;
				CLANG_WARN_DEPRECATED_OBJC_IMPLEMENTATIONS = YES;
				CLANG_WARN_DIRECT_OBJC_ISA_USAGE = YES_ERROR;
				CLANG_WARN_DOCUMENTATION_COMMENTS = YES;
				CLANG_WARN_EMPTY_BODY = YES;
				CLANG_WARN_ENUM_CONVERSION = YES;
				CLANG_WARN_INFINITE_RECURSION = YES;
				CLANG_WARN_INT_CONVERSION = YES;
				CLANG_WARN_NON_LITERAL_NULL_CONVERSION = YES;
				CLANG_WARN_OBJC_IMPLICIT_RETAIN_SELF = YES;
				CLANG_WARN_OBJC_LITERAL_CONVERSION = YES;
				CLANG_WARN_OBJC_ROOT_CLASS = YES_ERROR;
				CLANG_WARN_QUOTED_INCLUDE_IN_FRAMEWORK_HEADER = YES;
				CLANG_WARN_RANGE_LOOP_ANALYSIS = YES;
				CLANG_WARN_STRICT_PROTOTYPES = YES;
				CLANG_WARN_SUSPICIOUS_MOVE = YES;
				CLANG_WARN_UNGUARDED_AVAILABILITY = YES_AGGRESSIVE;
				CLANG_WARN_UNREACHABLE_CODE = YES;
				CLANG_WARN__DUPLICATE_METHOD_MATCH = YES;
				COPY_PHASE_STRIP = NO;
				DEBUG_INFORMATION_FORMAT = dwarf;
				ENABLE_STRICT_OBJC_MSGSEND = YES;
				ENABLE_TESTABILITY = YES;
				GCC_C_LANGUAGE_STANDARD = gnu11;
				GCC_DYNAMIC_NO_PIC = NO;
				GCC_NO_COMMON_BLOCKS = YES;
				GCC_OPTIMIZATION_LEVEL = 0;
				GCC_PREPROCESSOR_DEFINITIONS = (
					"DEBUG=1",
					"$(inherited)",
				);
				GCC_WARN_64_TO_32_BIT_CONVERSION = YES;
				GCC_WARN_ABOUT_RETURN_TYPE = YES_ERROR;
				GCC_WARN_UNDECLARED_SELECTOR = YES;
				GCC_WARN_UNINITIALIZED_AUTOS = YES_AGGRESSIVE;
				GCC_WARN_UNUSED_FUNCTION = YES;
				GCC_WARN_UNUSED_VARIABLE = YES;
				IPHONEOS_DEPLOYMENT_TARGET = 16.2;
				MTL_ENABLE_DEBUG_INFO = INCLUDE_SOURCE;
				MTL_FAST_MATH = YES;
				ONLY_ACTIVE_ARCH = YES;
				SDKROOT = iphoneos;
				SWIFT_ACTIVE_COMPILATION_CONDITIONS = DEBUG;
				SWIFT_OPTIMIZATION_LEVEL = "-Onone";
			};
			name = Debug;
		};
		18FD083D29DFEAB900FC16E0 /* Release */ = {
			isa = XCBuildConfiguration;
			buildSettings = {
				ALWAYS_SEARCH_USER_PATHS = NO;
				CLANG_ANALYZER_NONNULL = YES;
				CLANG_ANALYZER_NUMBER_OBJECT_CONVERSION = YES_AGGRESSIVE;
				CLANG_CXX_LANGUAGE_STANDARD = "gnu++20";
				CLANG_ENABLE_MODULES = YES;
				CLANG_ENABLE_OBJC_ARC = YES;
				CLANG_ENABLE_OBJC_WEAK = YES;
				CLANG_WARN_BLOCK_CAPTURE_AUTORELEASING = YES;
				CLANG_WARN_BOOL_CONVERSION = YES;
				CLANG_WARN_COMMA = YES;
				CLANG_WARN_CONSTANT_CONVERSION = YES;
				CLANG_WARN_DEPRECATED_OBJC_IMPLEMENTATIONS = YES;
				CLANG_WARN_DIRECT_OBJC_ISA_USAGE = YES_ERROR;
				CLANG_WARN_DOCUMENTATION_COMMENTS = YES;
				CLANG_WARN_EMPTY_BODY = YES;
				CLANG_WARN_ENUM_CONVERSION = YES;
				CLANG_WARN_INFINITE_RECURSION = YES;
				CLANG_WARN_INT_CONVERSION = YES;
				CLANG_WARN_NON_LITERAL_NULL_CONVERSION = YES;
				CLANG_WARN_OBJC_IMPLICIT_RETAIN_SELF = YES;
				CLANG_WARN_OBJC_LITERAL_CONVERSION = YES;
				CLANG_WARN_OBJC_ROOT_CLASS = YES_ERROR;
				CLANG_WARN_QUOTED_INCLUDE_IN_FRAMEWORK_HEADER = YES;
				CLANG_WARN_RANGE_LOOP_ANALYSIS = YES;
				CLANG_WARN_STRICT_PROTOTYPES = YES;
				CLANG_WARN_SUSPICIOUS_MOVE = YES;
				CLANG_WARN_UNGUARDED_AVAILABILITY = YES_AGGRESSIVE;
				CLANG_WARN_UNREACHABLE_CODE = YES;
				CLANG_WARN__DUPLICATE_METHOD_MATCH = YES;
				COPY_PHASE_STRIP = NO;
				DEBUG_INFORMATION_FORMAT = "dwarf-with-dsym";
				ENABLE_NS_ASSERTIONS = NO;
				ENABLE_STRICT_OBJC_MSGSEND = YES;
				GCC_C_LANGUAGE_STANDARD = gnu11;
				GCC_NO_COMMON_BLOCKS = YES;
				GCC_WARN_64_TO_32_BIT_CONVERSION = YES;
				GCC_WARN_ABOUT_RETURN_TYPE = YES_ERROR;
				GCC_WARN_UNDECLARED_SELECTOR = YES;
				GCC_WARN_UNINITIALIZED_AUTOS = YES_AGGRESSIVE;
				GCC_WARN_UNUSED_FUNCTION = YES;
				GCC_WARN_UNUSED_VARIABLE = YES;
				IPHONEOS_DEPLOYMENT_TARGET = 16.2;
				MTL_ENABLE_DEBUG_INFO = NO;
				MTL_FAST_MATH = YES;
				SDKROOT = iphoneos;
				SWIFT_COMPILATION_MODE = wholemodule;
				SWIFT_OPTIMIZATION_LEVEL = "-O";
				VALIDATE_PRODUCT = YES;
			};
			name = Release;
		};
		18FD083F29DFEAB900FC16E0 /* Debug */ = {
			isa = XCBuildConfiguration;
			baseConfigurationReference = E31875A660AEBB59227ADE9D /* Pods-POST_sdk.debug.xcconfig */;
			buildSettings = {
				ASSETCATALOG_COMPILER_APPICON_NAME = AppIcon;
				ASSETCATALOG_COMPILER_GLOBAL_ACCENT_COLOR_NAME = AccentColor;
				CODE_SIGN_STYLE = Automatic;
				CURRENT_PROJECT_VERSION = 1;
				DEVELOPMENT_TEAM = 56BPDU7A89;
				GENERATE_INFOPLIST_FILE = YES;
				INFOPLIST_FILE = POST_sdk/Info.plist;
				INFOPLIST_KEY_UIApplicationSupportsIndirectInputEvents = YES;
				INFOPLIST_KEY_UILaunchStoryboardName = LaunchScreen;
				INFOPLIST_KEY_UIMainStoryboardFile = Main;
				INFOPLIST_KEY_UISupportedInterfaceOrientations_iPad = "UIInterfaceOrientationPortrait UIInterfaceOrientationPortraitUpsideDown UIInterfaceOrientationLandscapeLeft UIInterfaceOrientationLandscapeRight";
				INFOPLIST_KEY_UISupportedInterfaceOrientations_iPhone = "UIInterfaceOrientationPortrait UIInterfaceOrientationLandscapeLeft UIInterfaceOrientationLandscapeRight";
				LD_RUNPATH_SEARCH_PATHS = (
					"$(inherited)",
					"@executable_path/Frameworks",
				);
				MARKETING_VERSION = 1.0;
				PRODUCT_BUNDLE_IDENTIFIER = "hiehq.POST-sdk";
				PRODUCT_NAME = "$(TARGET_NAME)";
				SWIFT_EMIT_LOC_STRINGS = YES;
				SWIFT_VERSION = 5.0;
				TARGETED_DEVICE_FAMILY = "1,2";
			};
			name = Debug;
		};
		18FD084029DFEAB900FC16E0 /* Release */ = {
			isa = XCBuildConfiguration;
			baseConfigurationReference = AE93B14029F076670E4D88CD /* Pods-POST_sdk.release.xcconfig */;
			buildSettings = {
				ASSETCATALOG_COMPILER_APPICON_NAME = AppIcon;
				ASSETCATALOG_COMPILER_GLOBAL_ACCENT_COLOR_NAME = AccentColor;
				CODE_SIGN_STYLE = Automatic;
				CURRENT_PROJECT_VERSION = 1;
				DEVELOPMENT_TEAM = 56BPDU7A89;
				GENERATE_INFOPLIST_FILE = YES;
				INFOPLIST_FILE = POST_sdk/Info.plist;
				INFOPLIST_KEY_UIApplicationSupportsIndirectInputEvents = YES;
				INFOPLIST_KEY_UILaunchStoryboardName = LaunchScreen;
				INFOPLIST_KEY_UIMainStoryboardFile = Main;
				INFOPLIST_KEY_UISupportedInterfaceOrientations_iPad = "UIInterfaceOrientationPortrait UIInterfaceOrientationPortraitUpsideDown UIInterfaceOrientationLandscapeLeft UIInterfaceOrientationLandscapeRight";
				INFOPLIST_KEY_UISupportedInterfaceOrientations_iPhone = "UIInterfaceOrientationPortrait UIInterfaceOrientationLandscapeLeft UIInterfaceOrientationLandscapeRight";
				LD_RUNPATH_SEARCH_PATHS = (
					"$(inherited)",
					"@executable_path/Frameworks",
				);
				MARKETING_VERSION = 1.0;
				PRODUCT_BUNDLE_IDENTIFIER = "hiehq.POST-sdk";
				PRODUCT_NAME = "$(TARGET_NAME)";
				SWIFT_EMIT_LOC_STRINGS = YES;
				SWIFT_VERSION = 5.0;
				TARGETED_DEVICE_FAMILY = "1,2";
			};
			name = Release;
		};
		18FD084229DFEAB900FC16E0 /* Debug */ = {
			isa = XCBuildConfiguration;
			baseConfigurationReference = C6E518E9A25C2C6748712893 /* Pods-POST_sdkTests.debug.xcconfig */;
			buildSettings = {
				ALWAYS_EMBED_SWIFT_STANDARD_LIBRARIES = YES;
				BUNDLE_LOADER = "$(TEST_HOST)";
				CODE_SIGN_STYLE = Automatic;
				CURRENT_PROJECT_VERSION = 1;
				DEVELOPMENT_TEAM = 56BPDU7A89;
				GENERATE_INFOPLIST_FILE = YES;
				IPHONEOS_DEPLOYMENT_TARGET = 16.2;
				MARKETING_VERSION = 1.0;
				PRODUCT_BUNDLE_IDENTIFIER = "hiehq.POST-sdkTests";
				PRODUCT_NAME = "$(TARGET_NAME)";
				SWIFT_EMIT_LOC_STRINGS = NO;
				SWIFT_VERSION = 5.0;
				TARGETED_DEVICE_FAMILY = "1,2";
				TEST_HOST = "$(BUILT_PRODUCTS_DIR)/POST_sdk.app/$(BUNDLE_EXECUTABLE_FOLDER_PATH)/POST_sdk";
			};
			name = Debug;
		};
		18FD084329DFEAB900FC16E0 /* Release */ = {
			isa = XCBuildConfiguration;
			baseConfigurationReference = CB8344D6E9CB9B2F28CF79BA /* Pods-POST_sdkTests.release.xcconfig */;
			buildSettings = {
				ALWAYS_EMBED_SWIFT_STANDARD_LIBRARIES = YES;
				BUNDLE_LOADER = "$(TEST_HOST)";
				CODE_SIGN_STYLE = Automatic;
				CURRENT_PROJECT_VERSION = 1;
				DEVELOPMENT_TEAM = 56BPDU7A89;
				GENERATE_INFOPLIST_FILE = YES;
				IPHONEOS_DEPLOYMENT_TARGET = 16.2;
				MARKETING_VERSION = 1.0;
				PRODUCT_BUNDLE_IDENTIFIER = "hiehq.POST-sdkTests";
				PRODUCT_NAME = "$(TARGET_NAME)";
				SWIFT_EMIT_LOC_STRINGS = NO;
				SWIFT_VERSION = 5.0;
				TARGETED_DEVICE_FAMILY = "1,2";
				TEST_HOST = "$(BUILT_PRODUCTS_DIR)/POST_sdk.app/$(BUNDLE_EXECUTABLE_FOLDER_PATH)/POST_sdk";
			};
			name = Release;
		};
		18FD084529DFEAB900FC16E0 /* Debug */ = {
			isa = XCBuildConfiguration;
			baseConfigurationReference = 5D1AE5504F31D5DA80D8E099 /* Pods-POST_sdk-POST_sdkUITests.debug.xcconfig */;
			buildSettings = {
				ALWAYS_EMBED_SWIFT_STANDARD_LIBRARIES = YES;
				CODE_SIGN_STYLE = Automatic;
				CURRENT_PROJECT_VERSION = 1;
				DEVELOPMENT_TEAM = 56BPDU7A89;
				GENERATE_INFOPLIST_FILE = YES;
				MARKETING_VERSION = 1.0;
				PRODUCT_BUNDLE_IDENTIFIER = "hiehq.POST-sdkUITests";
				PRODUCT_NAME = "$(TARGET_NAME)";
				SWIFT_EMIT_LOC_STRINGS = NO;
				SWIFT_VERSION = 5.0;
				TARGETED_DEVICE_FAMILY = "1,2";
				TEST_TARGET_NAME = POST_sdk;
			};
			name = Debug;
		};
		18FD084629DFEAB900FC16E0 /* Release */ = {
			isa = XCBuildConfiguration;
			baseConfigurationReference = 06580EC2898BA7CC5940A7BB /* Pods-POST_sdk-POST_sdkUITests.release.xcconfig */;
			buildSettings = {
				ALWAYS_EMBED_SWIFT_STANDARD_LIBRARIES = YES;
				CODE_SIGN_STYLE = Automatic;
				CURRENT_PROJECT_VERSION = 1;
				DEVELOPMENT_TEAM = 56BPDU7A89;
				GENERATE_INFOPLIST_FILE = YES;
				MARKETING_VERSION = 1.0;
				PRODUCT_BUNDLE_IDENTIFIER = "hiehq.POST-sdkUITests";
				PRODUCT_NAME = "$(TARGET_NAME)";
				SWIFT_EMIT_LOC_STRINGS = NO;
				SWIFT_VERSION = 5.0;
				TARGETED_DEVICE_FAMILY = "1,2";
				TEST_TARGET_NAME = POST_sdk;
			};
			name = Release;
		};
/* End XCBuildConfiguration section */

/* Begin XCConfigurationList section */
		18FD080C29DFEAB900FC16E0 /* Build configuration list for PBXProject "POST_sdk" */ = {
			isa = XCConfigurationList;
			buildConfigurations = (
				18FD083C29DFEAB900FC16E0 /* Debug */,
				18FD083D29DFEAB900FC16E0 /* Release */,
			);
			defaultConfigurationIsVisible = 0;
			defaultConfigurationName = Release;
		};
		18FD083E29DFEAB900FC16E0 /* Build configuration list for PBXNativeTarget "POST_sdk" */ = {
			isa = XCConfigurationList;
			buildConfigurations = (
				18FD083F29DFEAB900FC16E0 /* Debug */,
				18FD084029DFEAB900FC16E0 /* Release */,
			);
			defaultConfigurationIsVisible = 0;
			defaultConfigurationName = Release;
		};
		18FD084129DFEAB900FC16E0 /* Build configuration list for PBXNativeTarget "POST_sdkTests" */ = {
			isa = XCConfigurationList;
			buildConfigurations = (
				18FD084229DFEAB900FC16E0 /* Debug */,
				18FD084329DFEAB900FC16E0 /* Release */,
			);
			defaultConfigurationIsVisible = 0;
			defaultConfigurationName = Release;
		};
		18FD084429DFEAB900FC16E0 /* Build configuration list for PBXNativeTarget "POST_sdkUITests" */ = {
			isa = XCConfigurationList;
			buildConfigurations = (
				18FD084529DFEAB900FC16E0 /* Debug */,
				18FD084629DFEAB900FC16E0 /* Release */,
			);
			defaultConfigurationIsVisible = 0;
			defaultConfigurationName = Release;
		};
/* End XCConfigurationList section */

/* Begin XCVersionGroup section */
		18FD081D29DFEAB900FC16E0 /* POST_sdk.xcdatamodeld */ = {
			isa = XCVersionGroup;
			children = (
				18FD081E29DFEAB900FC16E0 /* POST_sdk.xcdatamodel */,
			);
			currentVersion = 18FD081E29DFEAB900FC16E0 /* POST_sdk.xcdatamodel */;
			path = POST_sdk.xcdatamodeld;
			sourceTree = "<group>";
			versionGroupType = wrapper.xcdatamodel;
		};
/* End XCVersionGroup section */
	};
	rootObject = 18FD080929DFEAB900FC16E0 /* Project object */;
}
