PODS:
  - Alamofire (5.6.4)
  - IQKeyboardManager (6.5.11)
  - Kingfisher (7.6.2)
  - SVProgressHUD (2.2.5)
  - SwiftyJSON (5.0.1)

DEPENDENCIES:
  - Alamofire
  - IQKeyboardManager
  - Kingfisher
  - SVProgressHUD
  - SwiftyJSON

SPEC REPOS:
  trunk:
    - Alamofire
    - IQKeyboardManager
    - Kingfisher
    - SVProgressHUD
    - SwiftyJSON

SPEC CHECKSUMS:
  Alamofire: 4e95d97098eacb88856099c4fc79b526a299e48c
  IQKeyboardManager: ef43ce1ba1e5aaf4adf222c0a46f39761f246879
  Kingfisher: 6c5449c6450c5239166510ba04afe374a98afc4f
  SVProgressHUD: 1428aafac632c1f86f62aa4243ec12008d7a51d6
  SwiftyJSON: 2f33a42c6fbc52764d96f13368585094bfd8aa5e

PODFILE CHECKSUM: d16d0818ca3125de6a39e376e5d196b15694f2bd

COCOAPODS: 1.12.0
